github.com/88250/gulu v1.2.3-0.20230321111235-9885e68fb740 h1:CGr1s9BDJBaBnUHoTC9ZDLBxCd1BZ6/4YrUoG4++2r8=
github.com/88250/gulu v1.2.3-0.20230321111235-9885e68fb740/go.mod h1:pTWnjt+6qUqNnP9xltswsJxgCBVu3C7eW09u48LWX0k=
github.com/davecgh/go-spew v1.1.1 h1:vj9j/u1bqnvCEfJOwUhtlOARqs3+rkHYY13jYWTU97c=
github.com/getsentry/sentry-go v0.19.0 h1:BcCH3CN5tXt5aML+gwmbFwVptLLQA+eT866fCO9wVOM=
github.com/getsentry/sentry-go v0.19.0/go.mod h1:y3+lGEFEFexZtpbG1GUE2WD/f9zGyKYwpEqryTOC/nE=
github.com/go-errors/errors v1.4.2 h1:J6MZopCL4uSllY1OfXM374weqZFFItUbrImctkmUxIA=
github.com/google/go-cmp v0.5.9 h1:O2Tfq5qg4qc4AmwVlvv0oLiVAGB7enBSJ2x2DqQFi38=
github.com/pingcap/errors v0.11.4 h1:lFuQV/oaUMGcD2tqt+01ROSmJs75VG1ToEOkZIZ4nE4=
github.com/pkg/errors v0.9.1 h1:FEBLx1zS214owpjy7qsBeixbURkuhQAwrK5UwLGTwt4=
github.com/pmezard/go-difflib v1.0.0 h1:4DBwDE0NGyQoBHbLQYPwSUPoCMWR5BEzIk/f1lZbAQM=
github.com/siyuan-note/logging v0.0.0-20230319012246-6224f958f554 h1:uaLbecIT6G7jFQUscXSzIxi/hDVSfzZccMCl8Lzqqn0=
github.com/siyuan-note/logging v0.0.0-20230319012246-6224f958f554/go.mod h1:6mRFtAAvYPn3cDzqvyv+t8BVPGqpONDMMb5ywOhY1D4=
github.com/stretchr/testify v1.8.0 h1:pSgiaMZlXftHpm5L7V1+rVB+AZJydKsMxsQBIJw4PKk=
golang.org/x/sys v0.6.0 h1:MVltZSvRTcU2ljQOhs94SXPftV6DCNnZViHeQps87pQ=
golang.org/x/sys v0.6.0/go.mod h1:oPkhp1MJrh7nUepCBck5+mAzfO9JrbApNNgaTdGDITg=
golang.org/x/text v0.8.0 h1:57P1ETyNKtuIjB4SRd15iJxuhj8Gc416Y78H3qgMh68=
golang.org/x/text v0.8.0/go.mod h1:e1OnstbJyHTd6l/uOt8jFFHp6TRDWZR/bV3emEE/zU8=
gopkg.in/yaml.v3 v3.0.1 h1:fxVm/GzAzEWqLHuvctI91KS9hhNmmWOoWu0XTYJS7CA=
